
Microsoft Visual Studio Solution File, Format Version 12.00
# Visual Studio Version 17
VisualStudioVersion = 17.0.31903.59
MinimumVisualStudioVersion = 10.0.40219.1
Project("{2150E333-8FDC-42A3-9474-1A3956D46DE8}") = "src", "src", "{6FF202E5-B660-454E-9EF4-78855241C703}"
EndProject
Project("{FAE04EC0-301F-11D3-BF4B-00C04F79EFBC}") = "ApiApp", "src\ApiApp\ApiApp.csproj", "{7C52F054-84F7-4B72-9C62-F66AC039E800}"
EndProject
Global
	GlobalSection(SolutionConfigurationPlatforms) = preSolution
		Debug|Any CPU = Debug|Any CPU
		Release|Any CPU = Release|Any CPU
	EndGlobalSection
	GlobalSection(ProjectConfigurationPlatforms) = postSolution
		{7C52F054-84F7-4B72-9C62-F66AC039E800}.Debug|Any CPU.ActiveCfg = Debug|Any CPU
		{7C52F054-84F7-4B72-9C62-F66AC039E800}.Debug|Any CPU.Build.0 = Debug|Any CPU
		{7C52F054-84F7-4B72-9C62-F66AC039E800}.Release|Any CPU.ActiveCfg = Release|Any CPU
		{7C52F054-84F7-4B72-9C62-F66AC039E800}.Release|Any CPU.Build.0 = Release|Any CPU
	EndGlobalSection
	GlobalSection(SolutionProperties) = preSolution
		HideSolutionNode = FALSE
	EndGlobalSection
	GlobalSection(NestedProjects) = preSolution
		{7C52F054-84F7-4B72-9C62-F66AC039E800} = {6FF202E5-B660-454E-9EF4-78855241C703}
	EndGlobalSection
	GlobalSection(ExtensibilityGlobals) = postSolution
		SolutionGuid = {616B42B0-6B21-4954-B21D-BEF0F3C827E5}
	EndGlobalSection
EndGlobal
